// !$*UTF8*$!
{
	archiveVersion = 1;
	classes = {
	};
	objectVersion = 50;
	objects = {

/* Begin PBXBuildFile section */
		52E7CC5F24995ADB001C3300 /* Card.swift in Sources */ = {isa = PBXBuildFile; fileRef = 52E7CC5E24995ADB001C3300 /* Card.swift */; };
		52E7CC6324995FB0001C3300 /* CardController.swift in Sources */ = {isa = PBXBuildFile; fileRef = 52E7CC6224995FB0001C3300 /* CardController.swift */; };
		52E7CC6524996069001C3300 /* DeckError.swift in Sources */ = {isa = PBXBuildFile; fileRef = 52E7CC6424996069001C3300 /* DeckError.swift */; };
		52E7CC6724996B45001C3300 /* DeckOfCardsViewController.swift in Sources */ = {isa = PBXBuildFile; fileRef = 52E7CC6624996B45001C3300 /* DeckOfCardsViewController.swift */; };
		7E62A23823AA9BB700D23AFA /* AppDelegate.swift in Sources */ = {isa = PBXBuildFile; fileRef = 7E62A23723AA9BB700D23AFA /* AppDelegate.swift */; };
		7E62A23A23AA9BB700D23AFA /* SceneDelegate.swift in Sources */ = {isa = PBXBuildFile; fileRef = 7E62A23923AA9BB700D23AFA /* SceneDelegate.swift */; };
		7E62A23F23AA9BB700D23AFA /* Main.storyboard in Resources */ = {isa = PBXBuildFile; fileRef = 7E62A23D23AA9BB700D23AFA /* Main.storyboard */; };
		7E62A24123AA9BB700D23AFA /* Assets.xcassets in Resources */ = {isa = PBXBuildFile; fileRef = 7E62A24023AA9BB700D23AFA /* Assets.xcassets */; };
		7E62A24423AA9BB700D23AFA /* LaunchScreen.storyboard in Resources */ = {isa = PBXBuildFile; fileRef = 7E62A24223AA9BB700D23AFA /* LaunchScreen.storyboard */; };
		7E62A25123AA9D3400D23AFA /* UIViewControllerExtension.swift in Sources */ = {isa = PBXBuildFile; fileRef = 7E62A25023AA9D3400D23AFA /* UIViewControllerExtension.swift */; };
/* End PBXBuildFile section */

/* Begin PBXFileReference section */
		52E7CC5E24995ADB001C3300 /* Card.swift */ = {isa = PBXFileReference; lastKnownFileType = sourcecode.swift; path = Card.swift; sourceTree = SOURCE_ROOT; };
		52E7CC6224995FB0001C3300 /* CardController.swift */ = {isa = PBXFileReference; lastKnownFileType = sourcecode.swift; path = CardController.swift; sourceTree = SOURCE_ROOT; };
		52E7CC6424996069001C3300 /* DeckError.swift */ = {isa = PBXFileReference; lastKnownFileType = sourcecode.swift; path = DeckError.swift; sourceTree = "<group>"; };
		52E7CC6624996B45001C3300 /* DeckOfCardsViewController.swift */ = {isa = PBXFileReference; lastKnownFileType = sourcecode.swift; name = DeckOfCardsViewController.swift; path = DeckOfOneCard/DeckOfCardsViewController.swift; sourceTree = SOURCE_ROOT; };
		7E62A23423AA9BB700D23AFA /* DeckOfOneCard.app */ = {isa = PBXFileReference; explicitFileType = wrapper.application; includeInIndex = 0; path = DeckOfOneCard.app; sourceTree = BUILT_PRODUCTS_DIR; };
		7E62A23723AA9BB700D23AFA /* AppDelegate.swift */ = {isa = PBXFileReference; lastKnownFileType = sourcecode.swift; path = AppDelegate.swift; sourceTree = "<group>"; };
		7E62A23923AA9BB700D23AFA /* SceneDelegate.swift */ = {isa = PBXFileReference; lastKnownFileType = sourcecode.swift; path = SceneDelegate.swift; sourceTree = "<group>"; };
		7E62A23E23AA9BB700D23AFA /* Base */ = {isa = PBXFileReference; lastKnownFileType = file.storyboard; name = Base; path = Base.lproj/Main.storyboard; sourceTree = "<group>"; };
		7E62A24023AA9BB700D23AFA /* Assets.xcassets */ = {isa = PBXFileReference; lastKnownFileType = folder.assetcatalog; path = Assets.xcassets; sourceTree = "<group>"; };
		7E62A24323AA9BB700D23AFA /* Base */ = {isa = PBXFileReference; lastKnownFileType = file.storyboard; name = Base; path = Base.lproj/LaunchScreen.storyboard; sourceTree = "<group>"; };
		7E62A24523AA9BB700D23AFA /* Info.plist */ = {isa = PBXFileReference; lastKnownFileType = text.plist.xml; path = Info.plist; sourceTree = "<group>"; };
		7E62A25023AA9D3400D23AFA /* UIViewControllerExtension.swift */ = {isa = PBXFileReference; lastKnownFileType = sourcecode.swift; path = UIViewControllerExtension.swift; sourceTree = "<group>"; };
		7EC27C5023B9EADC002859DD /* README.md */ = {isa = PBXFileReference; lastKnownFileType = net.daringfireball.markdown; path = README.md; sourceTree = "<group>"; };
/* End PBXFileReference section */

/* Begin PBXFrameworksBuildPhase section */
		7E62A23123AA9BB700D23AFA /* Frameworks */ = {
			isa = PBXFrameworksBuildPhase;
			buildActionMask = 2147483647;
			files = (
			);
			runOnlyForDeploymentPostprocessing = 0;
		};
/* End PBXFrameworksBuildPhase section */

/* Begin PBXGroup section */
		7E62A22B23AA9BB700D23AFA = {
			isa = PBXGroup;
			children = (
				7EC27C5023B9EADC002859DD /* README.md */,
				7E62A23623AA9BB700D23AFA /* DeckOfOneCard */,
				7E62A23523AA9BB700D23AFA /* Products */,
			);
			sourceTree = "<group>";
		};
		7E62A23523AA9BB700D23AFA /* Products */ = {
			isa = PBXGroup;
			children = (
				7E62A23423AA9BB700D23AFA /* DeckOfOneCard.app */,
			);
			name = Products;
			sourceTree = "<group>";
		};
		7E62A23623AA9BB700D23AFA /* DeckOfOneCard */ = {
			isa = PBXGroup;
			children = (
				7E62A23D23AA9BB700D23AFA /* Main.storyboard */,
				7E62A25523AA9D5300D23AFA /* View Controllers */,
				7E62A25423AA9D4800D23AFA /* Model Controllers */,
				7E62A25223AA9D3E00D23AFA /* Models */,
				7E62A25323AA9D4200D23AFA /* Helpers */,
				7E62A24B23AA9BBE00D23AFA /* Resources */,
			);
			path = DeckOfOneCard;
			sourceTree = "<group>";
		};
		7E62A24B23AA9BBE00D23AFA /* Resources */ = {
			isa = PBXGroup;
			children = (
				7E62A23723AA9BB700D23AFA /* AppDelegate.swift */,
				7E62A23923AA9BB700D23AFA /* SceneDelegate.swift */,
				7E62A24023AA9BB700D23AFA /* Assets.xcassets */,
				7E62A24223AA9BB700D23AFA /* LaunchScreen.storyboard */,
				7E62A24523AA9BB700D23AFA /* Info.plist */,
			);
			path = Resources;
			sourceTree = "<group>";
		};
		7E62A25223AA9D3E00D23AFA /* Models */ = {
			isa = PBXGroup;
			children = (
				52E7CC5E24995ADB001C3300 /* Card.swift */,
			);
			path = Models;
			sourceTree = "<group>";
		};
		7E62A25323AA9D4200D23AFA /* Helpers */ = {
			isa = PBXGroup;
			children = (
				7E62A25023AA9D3400D23AFA /* UIViewControllerExtension.swift */,
				52E7CC6424996069001C3300 /* DeckError.swift */,
			);
			path = Helpers;
			sourceTree = "<group>";
		};
		7E62A25423AA9D4800D23AFA /* Model Controllers */ = {
			isa = PBXGroup;
			children = (
				52E7CC6224995FB0001C3300 /* CardController.swift */,
			);
			path = "Model Controllers";
			sourceTree = "<group>";
		};
		7E62A25523AA9D5300D23AFA /* View Controllers */ = {
			isa = PBXGroup;
			children = (
				52E7CC6624996B45001C3300 /* DeckOfCardsViewController.swift */,
			);
			path = "View Controllers";
			sourceTree = "<group>";
		};
/* End PBXGroup section */

/* Begin PBXNativeTarget section */
		7E62A23323AA9BB700D23AFA /* DeckOfOneCard */ = {
			isa = PBXNativeTarget;
			buildConfigurationList = 7E62A24823AA9BB700D23AFA /* Build configuration list for PBXNativeTarget "DeckOfOneCard" */;
			buildPhases = (
				7E62A23023AA9BB700D23AFA /* Sources */,
				7E62A23123AA9BB700D23AFA /* Frameworks */,
				7E62A23223AA9BB700D23AFA /* Resources */,
			);
			buildRules = (
			);
			dependencies = (
			);
			name = DeckOfOneCard;
			productName = DeckOfOneCard;
			productReference = 7E62A23423AA9BB700D23AFA /* DeckOfOneCard.app */;
			productType = "com.apple.product-type.application";
		};
/* End PBXNativeTarget section */

/* Begin PBXProject section */
		7E62A22C23AA9BB700D23AFA /* Project object */ = {
			isa = PBXProject;
			attributes = {
				LastSwiftUpdateCheck = 1130;
				LastUpgradeCheck = 1130;
				ORGANIZATIONNAME = Warren;
				TargetAttributes = {
					7E62A23323AA9BB700D23AFA = {
						CreatedOnToolsVersion = 11.3;
					};
				};
			};
			buildConfigurationList = 7E62A22F23AA9BB700D23AFA /* Build configuration list for PBXProject "DeckOfOneCard" */;
			compatibilityVersion = "Xcode 9.3";
			developmentRegion = en;
			hasScannedForEncodings = 0;
			knownRegions = (
				en,
				Base,
			);
			mainGroup = 7E62A22B23AA9BB700D23AFA;
			productRefGroup = 7E62A23523AA9BB700D23AFA /* Products */;
			projectDirPath = "";
			projectRoot = "";
			targets = (
				7E62A23323AA9BB700D23AFA /* DeckOfOneCard */,
			);
		};
/* End PBXProject section */

/* Begin PBXResourcesBuildPhase section */
		7E62A23223AA9BB700D23AFA /* Resources */ = {
			isa = PBXResourcesBuildPhase;
			buildActionMask = 2147483647;
			files = (
				7E62A24423AA9BB700D23AFA /* LaunchScreen.storyboard in Resources */,
				7E62A24123AA9BB700D23AFA /* Assets.xcassets in Resources */,
				7E62A23F23AA9BB700D23AFA /* Main.storyboard in Resources */,
			);
			runOnlyForDeploymentPostprocessing = 0;
		};
/* End PBXResourcesBuildPhase section */

/* Begin PBXSourcesBuildPhase section */
		7E62A23023AA9BB700D23AFA /* Sources */ = {
			isa = PBXSourcesBuildPhase;
			buildActionMask = 2147483647;
			files = (
				52E7CC6324995FB0001C3300 /* CardController.swift in Sources */,
				52E7CC6724996B45001C3300 /* DeckOfCardsViewController.swift in Sources */,
				7E62A25123AA9D3400D23AFA /* UIViewControllerExtension.swift in Sources */,
				52E7CC5F24995ADB001C3300 /* Card.swift in Sources */,
				7E62A23823AA9BB700D23AFA /* AppDelegate.swift in Sources */,
				52E7CC6524996069001C3300 /* DeckError.swift in Sources */,
				7E62A23A23AA9BB700D23AFA /* SceneDelegate.swift in Sources */,
			);
			runOnlyForDeploymentPostprocessing = 0;
		};
/* End PBXSourcesBuildPhase section */

/* Begin PBXVariantGroup section */
		7E62A23D23AA9BB700D23AFA /* Main.storyboard */ = {
			isa = PBXVariantGroup;
			children = (
				7E62A23E23AA9BB700D23AFA /* Base */,
			);
			name = Main.storyboard;
			sourceTree = "<group>";
		};
		7E62A24223AA9BB700D23AFA /* LaunchScreen.storyboard */ = {
			isa = PBXVariantGroup;
			children = (
				7E62A24323AA9BB700D23AFA /* Base */,
			);
			name = LaunchScreen.storyboard;
			sourceTree = "<group>";
		};
/* End PBXVariantGroup section */

/* Begin XCBuildConfiguration section */
		7E62A24623AA9BB700D23AFA /* Debug */ = {
			isa = XCBuildConfiguration;
			buildSettings = {
				ALWAYS_SEARCH_USER_PATHS = NO;
				CLANG_ANALYZER_NONNULL = YES;
				CLANG_ANALYZER_NUMBER_OBJECT_CONVERSION = YES_AGGRESSIVE;
				CLANG_CXX_LANGUAGE_STANDARD = "gnu++14";
				CLANG_CXX_LIBRARY = "libc++";
				CLANG_ENABLE_MODULES = YES;
				CLANG_ENABLE_OBJC_ARC = YES;
				CLANG_ENABLE_OBJC_WEAK = YES;
				CLANG_WARN_BLOCK_CAPTURE_AUTORELEASING = YES;
				CLANG_WARN_BOOL_CONVERSION = YES;
				CLANG_WARN_COMMA = YES;
				CLANG_WARN_CONSTANT_CONVERSION = YES;
				CLANG_WARN_DEPRECATED_OBJC_IMPLEMENTATIONS = YES;
				CLANG_WARN_DIRECT_OBJC_ISA_USAGE = YES_ERROR;
				CLANG_WARN_DOCUMENTATION_COMMENTS = YES;
				CLANG_WARN_EMPTY_BODY = YES;
				CLANG_WARN_ENUM_CONVERSION = YES;
				CLANG_WARN_INFINITE_RECURSION = YES;
				CLANG_WARN_INT_CONVERSION = YES;
				CLANG_WARN_NON_LITERAL_NULL_CONVERSION = YES;
				CLANG_WARN_OBJC_IMPLICIT_RETAIN_SELF = YES;
				CLANG_WARN_OBJC_LITERAL_CONVERSION = YES;
				CLANG_WARN_OBJC_ROOT_CLASS = YES_ERROR;
				CLANG_WARN_RANGE_LOOP_ANALYSIS = YES;
				CLANG_WARN_STRICT_PROTOTYPES = YES;
				CLANG_WARN_SUSPICIOUS_MOVE = YES;
				CLANG_WARN_UNGUARDED_AVAILABILITY = YES_AGGRESSIVE;
				CLANG_WARN_UNREACHABLE_CODE = YES;
				CLANG_WARN__DUPLICATE_METHOD_MATCH = YES;
				COPY_PHASE_STRIP = NO;
				DEBUG_INFORMATION_FORMAT = dwarf;
				ENABLE_STRICT_OBJC_MSGSEND = YES;
				ENABLE_TESTABILITY = YES;
				GCC_C_LANGUAGE_STANDARD = gnu11;
				GCC_DYNAMIC_NO_PIC = NO;
				GCC_NO_COMMON_BLOCKS = YES;
				GCC_OPTIMIZATION_LEVEL = 0;
				GCC_PREPROCESSOR_DEFINITIONS = (
					"DEBUG=1",
					"$(inherited)",
				);
				GCC_WARN_64_TO_32_BIT_CONVERSION = YES;
				GCC_WARN_ABOUT_RETURN_TYPE = YES_ERROR;
				GCC_WARN_UNDECLARED_SELECTOR = YES;
				GCC_WARN_UNINITIALIZED_AUTOS = YES_AGGRESSIVE;
				GCC_WARN_UNUSED_FUNCTION = YES;
				GCC_WARN_UNUSED_VARIABLE = YES;
				IPHONEOS_DEPLOYMENT_TARGET = 13.2;
				MTL_ENABLE_DEBUG_INFO = INCLUDE_SOURCE;
				MTL_FAST_MATH = YES;
				ONLY_ACTIVE_ARCH = YES;
				SDKROOT = iphoneos;
				SWIFT_ACTIVE_COMPILATION_CONDITIONS = DEBUG;
				SWIFT_OPTIMIZATION_LEVEL = "-Onone";
			};
			name = Debug;
		};
		7E62A24723AA9BB700D23AFA /* Release */ = {
			isa = XCBuildConfiguration;
			buildSettings = {
				ALWAYS_SEARCH_USER_PATHS = NO;
				CLANG_ANALYZER_NONNULL = YES;
				CLANG_ANALYZER_NUMBER_OBJECT_CONVERSION = YES_AGGRESSIVE;
				CLANG_CXX_LANGUAGE_STANDARD = "gnu++14";
				CLANG_CXX_LIBRARY = "libc++";
				CLANG_ENABLE_MODULES = YES;
				CLANG_ENABLE_OBJC_ARC = YES;
				CLANG_ENABLE_OBJC_WEAK = YES;
				CLANG_WARN_BLOCK_CAPTURE_AUTORELEASING = YES;
				CLANG_WARN_BOOL_CONVERSION = YES;
				CLANG_WARN_COMMA = YES;
				CLANG_WARN_CONSTANT_CONVERSION = YES;
				CLANG_WARN_DEPRECATED_OBJC_IMPLEMENTATIONS = YES;
				CLANG_WARN_DIRECT_OBJC_ISA_USAGE = YES_ERROR;
				CLANG_WARN_DOCUMENTATION_COMMENTS = YES;
				CLANG_WARN_EMPTY_BODY = YES;
				CLANG_WARN_ENUM_CONVERSION = YES;
				CLANG_WARN_INFINITE_RECURSION = YES;
				CLANG_WARN_INT_CONVERSION = YES;
				CLANG_WARN_NON_LITERAL_NULL_CONVERSION = YES;
				CLANG_WARN_OBJC_IMPLICIT_RETAIN_SELF = YES;
				CLANG_WARN_OBJC_LITERAL_CONVERSION = YES;
				CLANG_WARN_OBJC_ROOT_CLASS = YES_ERROR;
				CLANG_WARN_RANGE_LOOP_ANALYSIS = YES;
				CLANG_WARN_STRICT_PROTOTYPES = YES;
				CLANG_WARN_SUSPICIOUS_MOVE = YES;
				CLANG_WARN_UNGUARDED_AVAILABILITY = YES_AGGRESSIVE;
				CLANG_WARN_UNREACHABLE_CODE = YES;
				CLANG_WARN__DUPLICATE_METHOD_MATCH = YES;
				COPY_PHASE_STRIP = NO;
				DEBUG_INFORMATION_FORMAT = "dwarf-with-dsym";
				ENABLE_NS_ASSERTIONS = NO;
				ENABLE_STRICT_OBJC_MSGSEND = YES;
				GCC_C_LANGUAGE_STANDARD = gnu11;
				GCC_NO_COMMON_BLOCKS = YES;
				GCC_WARN_64_TO_32_BIT_CONVERSION = YES;
				GCC_WARN_ABOUT_RETURN_TYPE = YES_ERROR;
				GCC_WARN_UNDECLARED_SELECTOR = YES;
				GCC_WARN_UNINITIALIZED_AUTOS = YES_AGGRESSIVE;
				GCC_WARN_UNUSED_FUNCTION = YES;
				GCC_WARN_UNUSED_VARIABLE = YES;
				IPHONEOS_DEPLOYMENT_TARGET = 13.2;
				MTL_ENABLE_DEBUG_INFO = NO;
				MTL_FAST_MATH = YES;
				SDKROOT = iphoneos;
				SWIFT_COMPILATION_MODE = wholemodule;
				SWIFT_OPTIMIZATION_LEVEL = "-O";
				VALIDATE_PRODUCT = YES;
			};
			name = Release;
		};
		7E62A24923AA9BB700D23AFA /* Debug */ = {
			isa = XCBuildConfiguration;
			buildSettings = {
				ASSETCATALOG_COMPILER_APPICON_NAME = AppIcon;
				CODE_SIGN_STYLE = Automatic;
				DEVELOPMENT_TEAM = 9P92JGZ383;
				INFOPLIST_FILE = DeckOfOneCard/Resources/Info.plist;
				LD_RUNPATH_SEARCH_PATHS = (
					"$(inherited)",
					"@executable_path/Frameworks",
				);
				PRODUCT_BUNDLE_IDENTIFIER = com.devmountain.DeckOfOneCard;
				PRODUCT_NAME = "$(TARGET_NAME)";
				SWIFT_VERSION = 5.0;
				TARGETED_DEVICE_FAMILY = "1,2";
			};
			name = Debug;
		};
		7E62A24A23AA9BB700D23AFA /* Release */ = {
			isa = XCBuildConfiguration;
			buildSettings = {
				ASSETCATALOG_COMPILER_APPICON_NAME = AppIcon;
				CODE_SIGN_STYLE = Automatic;
				DEVELOPMENT_TEAM = 9P92JGZ383;
				INFOPLIST_FILE = DeckOfOneCard/Resources/Info.plist;
				LD_RUNPATH_SEARCH_PATHS = (
					"$(inherited)",
					"@executable_path/Frameworks",
				);
				PRODUCT_BUNDLE_IDENTIFIER = com.devmountain.DeckOfOneCard;
				PRODUCT_NAME = "$(TARGET_NAME)";
				SWIFT_VERSION = 5.0;
				TARGETED_DEVICE_FAMILY = "1,2";
			};
			name = Release;
		};
/* End XCBuildConfiguration section */

/* Begin XCConfigurationList section */
		7E62A22F23AA9BB700D23AFA /* Build configuration list for PBXProject "DeckOfOneCard" */ = {
			isa = XCConfigurationList;
			buildConfigurations = (
				7E62A24623AA9BB700D23AFA /* Debug */,
				7E62A24723AA9BB700D23AFA /* Release */,
			);
			defaultConfigurationIsVisible = 0;
			defaultConfigurationName = Release;
		};
		7E62A24823AA9BB700D23AFA /* Build configuration list for PBXNativeTarget "DeckOfOneCard" */ = {
			isa = XCConfigurationList;
			buildConfigurations = (
				7E62A24923AA9BB700D23AFA /* Debug */,
				7E62A24A23AA9BB700D23AFA /* Release */,
			);
			defaultConfigurationIsVisible = 0;
			defaultConfigurationName = Release;
		};
/* End XCConfigurationList section */
	};
	rootObject = 7E62A22C23AA9BB700D23AFA /* Project object */;
}
